
Microsoft Visual Studio Solution File, Format Version 12.00
# Visual Studio 15
VisualStudioVersion = 15.0.27428.2043
MinimumVisualStudioVersion = 10.0.40219.1
Project("{9A19103F-16F7-4668-BE54-9A1E7A4F7556}") = "ProductAPI", "BackEnd\ProductAPI.csproj", "{C06761BB-D9B9-4B66-8701-6FD482AF1501}"
EndProject
Global
	GlobalSection(SolutionConfigurationPlatforms) = preSolution
		Debug|Any CPU = Debug|Any CPU
		Release|Any CPU = Release|Any CPU
	EndGlobalSection
	GlobalSection(ProjectConfigurationPlatforms) = postSolution
		{C06761BB-D9B9-4B66-8701-6FD482AF1501}.Debug|Any CPU.ActiveCfg = Debug|Any CPU
		{C06761BB-D9B9-4B66-8701-6FD482AF1501}.Debug|Any CPU.Build.0 = Debug|Any CPU
		{C06761BB-D9B9-4B66-8701-6FD482AF1501}.Release|Any CPU.ActiveCfg = Release|Any CPU
		{C06761BB-D9B9-4B66-8701-6FD482AF1501}.Release|Any CPU.Build.0 = Release|Any CPU
	EndGlobalSection
	GlobalSection(SolutionProperties) = preSolution
		HideSolutionNode = FALSE
	EndGlobalSection
	GlobalSection(ExtensibilityGlobals) = postSolution
		SolutionGuid = {482CE06D-2AC3-4AEE-8169-2B4CF0327E3C}
	EndGlobalSection
EndGlobal
